{
  "projects": [
    {
      "projectId": "4oWAtwkSeL4ciDYEekjxG9",
      "version": "latest",
      "dependencies": {},
      "lang": "ts",
      "fileLocks": [
        {
          "type": "globalVariant",
          "assetId": "rGlYl5prqxJP",
          "checksum": "d6bff5edeb25994105a7d9394ac9fd8f"
        },
        {
          "type": "renderModule",
          "assetId": "AkxEYTA_hZWI",
          "checksum": "c93d35c045f4d1a9dda6b642fcb90e36"
        },
        {
          "type": "cssRules",
          "assetId": "AkxEYTA_hZWI",
          "checksum": "c93d35c045f4d1a9dda6b642fcb90e36"
        },
        {
          "type": "renderModule",
          "assetId": "hH2h_5Dtgs",
          "checksum": "b0362fbd49302b670984c0d046566821"
        },
        {
          "type": "cssRules",
          "assetId": "hH2h_5Dtgs",
          "checksum": "b0362fbd49302b670984c0d046566821"
        },
        {
          "type": "renderModule",
          "assetId": "gugJhCOlow",
          "checksum": "ae7974ec9f90ab499ea80041d5597988"
        },
        {
          "type": "cssRules",
          "assetId": "gugJhCOlow",
          "checksum": "ae7974ec9f90ab499ea80041d5597988"
        },
        {
          "type": "renderModule",
          "assetId": "GMIuDj3rjM",
          "checksum": "00f016111003e4a0af2a480574de640e"
        },
        {
          "type": "cssRules",
          "assetId": "GMIuDj3rjM",
          "checksum": "00f016111003e4a0af2a480574de640e"
        },
        {
          "type": "renderModule",
          "assetId": "s14nWegQm7",
          "checksum": "90234052859d80085407f52029ec802b"
        },
        {
          "type": "cssRules",
          "assetId": "s14nWegQm7",
          "checksum": "90234052859d80085407f52029ec802b"
        },
        {
          "type": "renderModule",
          "assetId": "mfIEP8VL9n",
          "checksum": "f0a1d7cfcdbe050b4fc2fa39ce30980b"
        },
        {
          "type": "cssRules",
          "assetId": "mfIEP8VL9n",
          "checksum": "f0a1d7cfcdbe050b4fc2fa39ce30980b"
        },
        {
          "type": "renderModule",
          "assetId": "eUF7R_7Fga",
          "checksum": "25364ddc3119e2e86529c27c334a2a8a"
        },
        {
          "type": "cssRules",
          "assetId": "eUF7R_7Fga",
          "checksum": "25364ddc3119e2e86529c27c334a2a8a"
        },
        {
          "type": "renderModule",
          "assetId": "tdmoFHXXat7",
          "checksum": "706c831cd17151ae24a30c51b93131ce"
        },
        {
          "type": "cssRules",
          "assetId": "tdmoFHXXat7",
          "checksum": "706c831cd17151ae24a30c51b93131ce"
        },
        {
          "type": "renderModule",
          "assetId": "22CMj1wbxr",
          "checksum": "8b6acd872687cb3f660ae3acd9b8fdb5"
        },
        {
          "type": "cssRules",
          "assetId": "22CMj1wbxr",
          "checksum": "8b6acd872687cb3f660ae3acd9b8fdb5"
        },
        {
          "type": "renderModule",
          "assetId": "g0BBn2-YWf",
          "checksum": "491effb1449e86cbb0233dfa3888a9f9"
        },
        {
          "type": "cssRules",
          "assetId": "g0BBn2-YWf",
          "checksum": "491effb1449e86cbb0233dfa3888a9f9"
        },
        {
          "type": "renderModule",
          "assetId": "ErjPU3ASyU",
          "checksum": "8d0eb0b8d43509f92d598613394f0a1a"
        },
        {
          "type": "cssRules",
          "assetId": "ErjPU3ASyU",
          "checksum": "8d0eb0b8d43509f92d598613394f0a1a"
        },
        {
          "type": "renderModule",
          "assetId": "8Na-IOV-bC",
          "checksum": "56e21e1caf1723c41a528e0dac719899"
        },
        {
          "type": "cssRules",
          "assetId": "8Na-IOV-bC",
          "checksum": "56e21e1caf1723c41a528e0dac719899"
        },
        {
          "type": "image",
          "assetId": "zTQr8uQbJ",
          "checksum": "c3783fe1e97d507da1eca0d2ea5c4402"
        },
        {
          "type": "image",
          "assetId": "kRFjCDxZc",
          "checksum": "d18502bdcbb5e9066396420588ad0549"
        },
        {
          "type": "image",
          "assetId": "_tbtgm-5i",
          "checksum": "baa2c898ca87e0e6f11121e0ae8371bb"
        },
        {
          "type": "image",
          "assetId": "TEi4DHxtD",
          "checksum": "fc0c0e22d19ac30def8a7c31d2f53791"
        },
        {
          "type": "renderModule",
          "assetId": "BVU0MRRo9W",
          "checksum": "9389b289ebec93d9c6cbb15b152c73ba"
        },
        {
          "type": "cssRules",
          "assetId": "BVU0MRRo9W",
          "checksum": "9389b289ebec93d9c6cbb15b152c73ba"
        },
        {
          "type": "renderModule",
          "assetId": "oqvYWNjt53",
          "checksum": "f6c1589c09efe0dfeccec0b12cfd8e0e"
        },
        {
          "type": "cssRules",
          "assetId": "oqvYWNjt53",
          "checksum": "f6c1589c09efe0dfeccec0b12cfd8e0e"
        },
        {
          "assetId": "4oWAtwkSeL4ciDYEekjxG9",
          "type": "projectCss",
          "checksum": "ffeb7e5a11fbf5fe410766ce88d22801"
        },
        {
          "type": "icon",
          "assetId": "C2oaTY0g2i",
          "checksum": "8cc0e688f61027cc0558d047768b6cce"
        },
        {
          "type": "icon",
          "assetId": "nktDh0ThKG",
          "checksum": "dc3fb6932a70cf2bfbcfbed28c9a93f7"
        },
        {
          "type": "icon",
          "assetId": "PYIjxKxUq0",
          "checksum": "d67e049d21197be88ca26ea3b7fa4ba5"
        }
      ]
    }
  ],
  "cliVersion": "0.1.120"
}
