{
  "projects": [
    {
      "projectId": "4oWAtwkSeL4ciDYEekjxG9",
      "version": "latest",
      "dependencies": {},
      "lang": "ts",
      "fileLocks": [
        {
          "type": "globalVariant",
          "assetId": "rGlYl5prqxJP",
          "checksum": "c6ac462e2ba837618e9f1b05f75ddd44"
        },
        {
          "type": "renderModule",
          "assetId": "AkxEYTA_hZWI",
          "checksum": "36c362098d6f03a473856460ce52f7fa"
        },
        {
          "type": "cssRules",
          "assetId": "AkxEYTA_hZWI",
          "checksum": "36c362098d6f03a473856460ce52f7fa"
        },
        {
          "type": "renderModule",
          "assetId": "hH2h_5Dtgs",
          "checksum": "affafc5557a1478a7d913b3167d4477c"
        },
        {
          "type": "cssRules",
          "assetId": "hH2h_5Dtgs",
          "checksum": "affafc5557a1478a7d913b3167d4477c"
        },
        {
          "type": "renderModule",
          "assetId": "gugJhCOlow",
          "checksum": "d872cb1a3828b7ab7c43dcb3e0c75379"
        },
        {
          "type": "cssRules",
          "assetId": "gugJhCOlow",
          "checksum": "d872cb1a3828b7ab7c43dcb3e0c75379"
        },
        {
          "type": "renderModule",
          "assetId": "GMIuDj3rjM",
          "checksum": "8133b2f4407cdb29d798d57abd2b2903"
        },
        {
          "type": "cssRules",
          "assetId": "GMIuDj3rjM",
          "checksum": "8133b2f4407cdb29d798d57abd2b2903"
        },
        {
          "type": "renderModule",
          "assetId": "s14nWegQm7",
          "checksum": "a1f568437871d085a8a92d02d718f185"
        },
        {
          "type": "cssRules",
          "assetId": "s14nWegQm7",
          "checksum": "a1f568437871d085a8a92d02d718f185"
        },
        {
          "type": "renderModule",
          "assetId": "mfIEP8VL9n",
          "checksum": "57768b66ab3f8b3e8e347389af861509"
        },
        {
          "type": "cssRules",
          "assetId": "mfIEP8VL9n",
          "checksum": "57768b66ab3f8b3e8e347389af861509"
        },
        {
          "type": "renderModule",
          "assetId": "eUF7R_7Fga",
          "checksum": "6f87baec9aa54bc9327c8a03c4d024b0"
        },
        {
          "type": "cssRules",
          "assetId": "eUF7R_7Fga",
          "checksum": "6f87baec9aa54bc9327c8a03c4d024b0"
        },
        {
          "type": "renderModule",
          "assetId": "tdmoFHXXat7",
          "checksum": "04de39af29ef904fa6d7e8ee604db876"
        },
        {
          "type": "cssRules",
          "assetId": "tdmoFHXXat7",
          "checksum": "04de39af29ef904fa6d7e8ee604db876"
        },
        {
          "type": "renderModule",
          "assetId": "22CMj1wbxr",
          "checksum": "56fcf7eaaa4ddf7f7cf25a47d9c3d6df"
        },
        {
          "type": "cssRules",
          "assetId": "22CMj1wbxr",
          "checksum": "56fcf7eaaa4ddf7f7cf25a47d9c3d6df"
        },
        {
          "type": "renderModule",
          "assetId": "g0BBn2-YWf",
          "checksum": "2a08221d8af37262b7f3cc4c1a0d89c4"
        },
        {
          "type": "cssRules",
          "assetId": "g0BBn2-YWf",
          "checksum": "2a08221d8af37262b7f3cc4c1a0d89c4"
        },
        {
          "type": "renderModule",
          "assetId": "ErjPU3ASyU",
          "checksum": "ac287d6fd469eeac82d553b04ea18192"
        },
        {
          "type": "cssRules",
          "assetId": "ErjPU3ASyU",
          "checksum": "ac287d6fd469eeac82d553b04ea18192"
        },
        {
          "type": "renderModule",
          "assetId": "8Na-IOV-bC",
          "checksum": "b8acf6b069556c69040b19895e440e75"
        },
        {
          "type": "cssRules",
          "assetId": "8Na-IOV-bC",
          "checksum": "b8acf6b069556c69040b19895e440e75"
        },
        {
          "type": "image",
          "assetId": "zTQr8uQbJ",
          "checksum": "5c1872c07cf7c6c7696f9244c9a9262b"
        },
        {
          "type": "image",
          "assetId": "kRFjCDxZc",
          "checksum": "fec4bbf96d5c4b7a086955cd7e829a65"
        },
        {
          "type": "image",
          "assetId": "_tbtgm-5i",
          "checksum": "9ea2caa333378d56fb822758b6a0b635"
        },
        {
          "type": "image",
          "assetId": "TEi4DHxtD",
          "checksum": "fbdd5ae55c764a983ee385e53d4c5524"
        },
        {
          "type": "renderModule",
          "assetId": "BVU0MRRo9W",
          "checksum": "8c77c60d22d9d286c3571fb05101785f"
        },
        {
          "type": "cssRules",
          "assetId": "BVU0MRRo9W",
          "checksum": "8c77c60d22d9d286c3571fb05101785f"
        },
        {
          "type": "renderModule",
          "assetId": "oqvYWNjt53",
          "checksum": "e2ef68eefcb0fde050a7751f8d5b00bc"
        },
        {
          "type": "cssRules",
          "assetId": "oqvYWNjt53",
          "checksum": "e2ef68eefcb0fde050a7751f8d5b00bc"
        },
        {
          "type": "renderModule",
          "assetId": "3Ag6mdjdwk",
          "checksum": "9c59888760f0cd09d2202182b84a27dc"
        },
        {
          "type": "cssRules",
          "assetId": "3Ag6mdjdwk",
          "checksum": "9c59888760f0cd09d2202182b84a27dc"
        },
        {
          "type": "renderModule",
          "assetId": "v0V4QrK8UW",
          "checksum": "c0b8cd414e01051e25a918b99e45cf68"
        },
        {
          "type": "cssRules",
          "assetId": "v0V4QrK8UW",
          "checksum": "c0b8cd414e01051e25a918b99e45cf68"
        },
        {
          "type": "image",
          "assetId": "74_IjZt8Xn",
          "checksum": "0c88a741d0860d63089aa8d50e88c8e2"
        },
        {
          "type": "image",
          "assetId": "3T1TkZ_Ww",
          "checksum": "8f807bde22b2d62982946231df40edc7"
        },
        {
          "type": "image",
          "assetId": "eMWK3yk2C",
          "checksum": "c08deb3a4038c66718c72b3da3c51fb3"
        },
        {
          "type": "renderModule",
          "assetId": "8FZzPTX83m",
          "checksum": "bb46b7c7ff83de0ed40bb45235bde2fa"
        },
        {
          "type": "cssRules",
          "assetId": "8FZzPTX83m",
          "checksum": "bb46b7c7ff83de0ed40bb45235bde2fa"
        },
        {
          "type": "image",
          "assetId": "xnWnLh6XvN",
          "checksum": "ba5887ea437f976f2f773454ffdad365"
        },
        {
          "type": "image",
          "assetId": "SGRGGWsxc",
          "checksum": "edcc2333b67108892a61c59b2a961830"
        },
        {
          "type": "image",
          "assetId": "xeMrekdDZc",
          "checksum": "f3060ed3d46bfc5d7ec96cd04ba7a90f"
        },
        {
          "type": "image",
          "assetId": "JFmoFpikC",
          "checksum": "2aedfa5dadec47f111103f5a5189c8e9"
        },
        {
          "type": "renderModule",
          "assetId": "LzatSZ7oBYe",
          "checksum": "fe5e368c04925ab49681156d329e3314"
        },
        {
          "type": "cssRules",
          "assetId": "LzatSZ7oBYe",
          "checksum": "fe5e368c04925ab49681156d329e3314"
        },
        {
          "type": "icon",
          "assetId": "C2oaTY0g2i",
          "checksum": "8cc0e688f61027cc0558d047768b6cce"
        },
        {
          "type": "icon",
          "assetId": "nktDh0ThKG",
          "checksum": "dc3fb6932a70cf2bfbcfbed28c9a93f7"
        },
        {
          "type": "icon",
          "assetId": "PYIjxKxUq0",
          "checksum": "d67e049d21197be88ca26ea3b7fa4ba5"
        },
        {
          "type": "icon",
          "assetId": "r4LI--POIP",
          "checksum": "5c1a553e231f90352c13359315da8db5"
        },
        {
          "type": "icon",
          "assetId": "4ceokTvl9I",
          "checksum": "a3f1915836a30a561fa06f8764f0cff0"
        },
        {
          "type": "icon",
          "assetId": "Tv0SGpDtW8",
          "checksum": "e763a83ef341ff02d7bfe24ac97085b2"
        },
        {
          "type": "renderModule",
          "assetId": "x1nR8p_T71",
          "checksum": "2f8fe9b795ea2d288720bca25eeffeea"
        },
        {
          "type": "cssRules",
          "assetId": "x1nR8p_T71",
          "checksum": "2f8fe9b795ea2d288720bca25eeffeea"
        },
        {
          "type": "renderModule",
          "assetId": "wOiDfdBxT1",
          "checksum": "c8efc8e4e3b2b2446ab9dd5b90631261"
        },
        {
          "type": "cssRules",
          "assetId": "wOiDfdBxT1",
          "checksum": "c8efc8e4e3b2b2446ab9dd5b90631261"
        },
        {
          "type": "icon",
          "assetId": "NP9EaMgoaE",
          "checksum": "8007dd1ffcd504055ed83b8e83fd91dc"
        },
        {
          "type": "icon",
          "assetId": "Bh_ZOVdxIy",
          "checksum": "ab8905e6acf3545444c9327c364768bd"
        },
        {
          "type": "icon",
          "assetId": "Iq1m1JJ7I8",
          "checksum": "bf8896ab5c35ff241813549ea283ddcd"
        },
        {
          "type": "icon",
          "assetId": "9u-qlsAa9K",
          "checksum": "e9aa2b6013a6a2e4c320d53db0309032"
        },
        {
          "type": "icon",
          "assetId": "6lBtHODXM4",
          "checksum": "9022df3e35514db3724793c6f33f472f"
        },
        {
          "type": "icon",
          "assetId": "W5kg0yHs_",
          "checksum": "7726e2a5753e790f0703c1fb25ff43ab"
        },
        {
          "type": "icon",
          "assetId": "SjAUS-yWfB",
          "checksum": "0b25fff0a54fc92a9d57769ee660d9ec"
        },
        {
          "type": "icon",
          "assetId": "-vZ9UmjePX",
          "checksum": "ad04612eeaab2103c46288304079befd"
        },
        {
          "assetId": "4oWAtwkSeL4ciDYEekjxG9",
          "type": "projectCss",
          "checksum": "317b12d1645b6565bf2cad0ee079fbe8"
        }
      ],
      "codegenVersion": "0.0.1"
    }
  ],
  "cliVersion": "0.1.120"
}
