{
  "projects": [
    {
      "projectId": "4oWAtwkSeL4ciDYEekjxG9",
      "version": "latest",
      "dependencies": {},
      "lang": "ts",
      "fileLocks": [
        {
          "type": "globalVariant",
          "assetId": "rGlYl5prqxJP",
          "checksum": "c6ac462e2ba837618e9f1b05f75ddd44"
        },
        {
          "type": "renderModule",
          "assetId": "AkxEYTA_hZWI",
          "checksum": "44bf0b2332023c6b8f00c25c47460e6a"
        },
        {
          "type": "cssRules",
          "assetId": "AkxEYTA_hZWI",
          "checksum": "44bf0b2332023c6b8f00c25c47460e6a"
        },
        {
          "type": "renderModule",
          "assetId": "hH2h_5Dtgs",
          "checksum": "c6d2c6571a50778d2c3640f063a423b9"
        },
        {
          "type": "cssRules",
          "assetId": "hH2h_5Dtgs",
          "checksum": "c6d2c6571a50778d2c3640f063a423b9"
        },
        {
          "type": "renderModule",
          "assetId": "gugJhCOlow",
          "checksum": "67b7d04090d9d0b7ec3870baec6beeb4"
        },
        {
          "type": "cssRules",
          "assetId": "gugJhCOlow",
          "checksum": "67b7d04090d9d0b7ec3870baec6beeb4"
        },
        {
          "type": "renderModule",
          "assetId": "GMIuDj3rjM",
          "checksum": "dc16dddabe4591d49cbe03bdde8a121b"
        },
        {
          "type": "cssRules",
          "assetId": "GMIuDj3rjM",
          "checksum": "dc16dddabe4591d49cbe03bdde8a121b"
        },
        {
          "type": "renderModule",
          "assetId": "s14nWegQm7",
          "checksum": "2dd452b46697cefc18cb8fadb3192673"
        },
        {
          "type": "cssRules",
          "assetId": "s14nWegQm7",
          "checksum": "2dd452b46697cefc18cb8fadb3192673"
        },
        {
          "type": "renderModule",
          "assetId": "mfIEP8VL9n",
          "checksum": "50ad6a659fe4d516255a22c7b0f795b6"
        },
        {
          "type": "cssRules",
          "assetId": "mfIEP8VL9n",
          "checksum": "50ad6a659fe4d516255a22c7b0f795b6"
        },
        {
          "type": "renderModule",
          "assetId": "eUF7R_7Fga",
          "checksum": "75c30751500ea249b7203394c47279a6"
        },
        {
          "type": "cssRules",
          "assetId": "eUF7R_7Fga",
          "checksum": "75c30751500ea249b7203394c47279a6"
        },
        {
          "type": "renderModule",
          "assetId": "tdmoFHXXat7",
          "checksum": "ae3484f4eb1a44c08968615bef0e59ee"
        },
        {
          "type": "cssRules",
          "assetId": "tdmoFHXXat7",
          "checksum": "ae3484f4eb1a44c08968615bef0e59ee"
        },
        {
          "type": "renderModule",
          "assetId": "22CMj1wbxr",
          "checksum": "e5e83d506c21fbc9d3e45debc045ebff"
        },
        {
          "type": "cssRules",
          "assetId": "22CMj1wbxr",
          "checksum": "e5e83d506c21fbc9d3e45debc045ebff"
        },
        {
          "type": "renderModule",
          "assetId": "g0BBn2-YWf",
          "checksum": "fbe198ce9ed7e1406beb20bedf2e2b8f"
        },
        {
          "type": "cssRules",
          "assetId": "g0BBn2-YWf",
          "checksum": "fbe198ce9ed7e1406beb20bedf2e2b8f"
        },
        {
          "type": "renderModule",
          "assetId": "ErjPU3ASyU",
          "checksum": "ad774634f797741bff93d7b60559ea0b"
        },
        {
          "type": "cssRules",
          "assetId": "ErjPU3ASyU",
          "checksum": "ad774634f797741bff93d7b60559ea0b"
        },
        {
          "type": "renderModule",
          "assetId": "8Na-IOV-bC",
          "checksum": "d84677f8860036920a9f1f7ae94e1e64"
        },
        {
          "type": "cssRules",
          "assetId": "8Na-IOV-bC",
          "checksum": "d84677f8860036920a9f1f7ae94e1e64"
        },
        {
          "type": "image",
          "assetId": "zTQr8uQbJ",
          "checksum": "c3783fe1e97d507da1eca0d2ea5c4402"
        },
        {
          "type": "image",
          "assetId": "kRFjCDxZc",
          "checksum": "d18502bdcbb5e9066396420588ad0549"
        },
        {
          "type": "image",
          "assetId": "_tbtgm-5i",
          "checksum": "baa2c898ca87e0e6f11121e0ae8371bb"
        },
        {
          "type": "image",
          "assetId": "TEi4DHxtD",
          "checksum": "fc0c0e22d19ac30def8a7c31d2f53791"
        },
        {
          "type": "renderModule",
          "assetId": "BVU0MRRo9W",
          "checksum": "9807b8185c0746af7d4a7a6042a67067"
        },
        {
          "type": "cssRules",
          "assetId": "BVU0MRRo9W",
          "checksum": "9807b8185c0746af7d4a7a6042a67067"
        },
        {
          "type": "renderModule",
          "assetId": "oqvYWNjt53",
          "checksum": "d6808b59016d4a1c081b778baaa13b51"
        },
        {
          "type": "cssRules",
          "assetId": "oqvYWNjt53",
          "checksum": "d6808b59016d4a1c081b778baaa13b51"
        },
        {
          "type": "renderModule",
          "assetId": "3Ag6mdjdwk",
          "checksum": "62d50dc8e364e203ec3d1a5731f88554"
        },
        {
          "type": "cssRules",
          "assetId": "3Ag6mdjdwk",
          "checksum": "62d50dc8e364e203ec3d1a5731f88554"
        },
        {
          "type": "renderModule",
          "assetId": "v0V4QrK8UW",
          "checksum": "a7ce656293c72dcdb0b4924fe05cbf13"
        },
        {
          "type": "cssRules",
          "assetId": "v0V4QrK8UW",
          "checksum": "a7ce656293c72dcdb0b4924fe05cbf13"
        },
        {
          "type": "image",
          "assetId": "74_IjZt8Xn",
          "checksum": "5c338250078fb93f9aaa16e220a28dc1"
        },
        {
          "type": "image",
          "assetId": "3T1TkZ_Ww",
          "checksum": "2b76fc3bf148ac0f4903e4a46bfc4385"
        },
        {
          "type": "image",
          "assetId": "eMWK3yk2C",
          "checksum": "695ede9b0b9022a0a7d3033990dd2c3b"
        },
        {
          "type": "renderModule",
          "assetId": "8FZzPTX83m",
          "checksum": "5c1227060d3ff742a991e787410b9d80"
        },
        {
          "type": "cssRules",
          "assetId": "8FZzPTX83m",
          "checksum": "5c1227060d3ff742a991e787410b9d80"
        },
        {
          "type": "image",
          "assetId": "xnWnLh6XvN",
          "checksum": "4568513180e04c8bb17e99c5cf29c2a8"
        },
        {
          "type": "image",
          "assetId": "SGRGGWsxc",
          "checksum": "7de114e20f423da1bf39fe21d6789086"
        },
        {
          "type": "image",
          "assetId": "xeMrekdDZc",
          "checksum": "e3e825b00ff7c29f9d529758bcf8c363"
        },
        {
          "type": "image",
          "assetId": "JFmoFpikC",
          "checksum": "f214bca5ad438e27f20578342f5b7f7f"
        },
        {
          "type": "renderModule",
          "assetId": "LzatSZ7oBYe",
          "checksum": "c7288ae4dc8a57da1b77fa0b2820034b"
        },
        {
          "type": "cssRules",
          "assetId": "LzatSZ7oBYe",
          "checksum": "c7288ae4dc8a57da1b77fa0b2820034b"
        },
        {
          "type": "renderModule",
          "assetId": "x1nR8p_T71",
          "checksum": "99719e6dd514d4a55874f939b421d9fb"
        },
        {
          "type": "cssRules",
          "assetId": "x1nR8p_T71",
          "checksum": "99719e6dd514d4a55874f939b421d9fb"
        },
        {
          "type": "renderModule",
          "assetId": "wOiDfdBxT1",
          "checksum": "ac427457331f0388c133bce709bbdfa7"
        },
        {
          "type": "cssRules",
          "assetId": "wOiDfdBxT1",
          "checksum": "ac427457331f0388c133bce709bbdfa7"
        },
        {
          "assetId": "4oWAtwkSeL4ciDYEekjxG9",
          "type": "projectCss",
          "checksum": "e5e4bd7281dd1454f94d7a7fc1a5be07"
        },
        {
          "type": "icon",
          "assetId": "C2oaTY0g2i",
          "checksum": "8cc0e688f61027cc0558d047768b6cce"
        },
        {
          "type": "icon",
          "assetId": "nktDh0ThKG",
          "checksum": "dc3fb6932a70cf2bfbcfbed28c9a93f7"
        },
        {
          "type": "icon",
          "assetId": "PYIjxKxUq0",
          "checksum": "d67e049d21197be88ca26ea3b7fa4ba5"
        },
        {
          "type": "icon",
          "assetId": "r4LI--POIP",
          "checksum": "5c1a553e231f90352c13359315da8db5"
        },
        {
          "type": "icon",
          "assetId": "4ceokTvl9I",
          "checksum": "a3f1915836a30a561fa06f8764f0cff0"
        },
        {
          "type": "icon",
          "assetId": "Tv0SGpDtW8",
          "checksum": "e763a83ef341ff02d7bfe24ac97085b2"
        }
      ]
    }
  ],
  "cliVersion": "0.1.120"
}
